{
  "requires": true,
  "lockfileVersion": 1,
  "dependencies": {
    "fastsearch": {
      "version": "1.11.1",
      "resolved": "https://registry.npmjs.org/fastsearch/-/fastsearch-1.11.1.tgz",
      "integrity": "sha1-Kus+n26e8OLty+gJhBv0JD/vbfE=",
      "requires": {
        "jquery": "3.4.1"
      }
    },
    "fastselect": {
      "version": "0.7.3",
      "resolved": "https://registry.npmjs.org/fastselect/-/fastselect-0.7.3.tgz",
      "integrity": "sha1-sUNBFu0EVe+diB9kZnnepssUb6c=",
      "requires": {
        "fastsearch": "1.11.1",
        "jquery": "3.4.1"
      }
    },
    "jquery": {
      "version": "3.4.1",
      "resolved": "https://registry.npmjs.org/jquery/-/jquery-3.4.1.tgz",
      "integrity": "sha512-36+AdBzCL+y6qjw5Tx7HgzeGCzC81MDDgaUP8ld2zhx58HdqXGoBd+tHdrBMiyjGQs0Hxs/MLZTu/eHNJJuWPw=="
    }
  }
}
